
Microsoft Visual Studio Solution File, Format Version 12.00
# Visual Studio Version 17
VisualStudioVersion = 17.5.33424.131
MinimumVisualStudioVersion = 10.0.40219.1
Project("{9A19103F-16F7-4668-BE54-9A1E7A4F7556}") = "WpfApp1(etap0)", "WpfApp1(etap0).csproj", "{E6E2B927-9ABD-470E-938B-2C7FD92DB9F0}"
EndProject
Project("{FAE04EC0-301F-11D3-BF4B-00C04F79EFBC}") = "GameTests", "..\GameTests\GameTests.csproj", "{13478471-2D48-45C2-B5DB-E1A9B29E29BC}"
EndProject
Global
	GlobalSection(SolutionConfigurationPlatforms) = preSolution
		Debug|Any CPU = Debug|Any CPU
		Release|Any CPU = Release|Any CPU
	EndGlobalSection
	GlobalSection(ProjectConfigurationPlatforms) = postSolution
		{E6E2B927-9ABD-470E-938B-2C7FD92DB9F0}.Debug|Any CPU.ActiveCfg = Debug|Any CPU
		{E6E2B927-9ABD-470E-938B-2C7FD92DB9F0}.Debug|Any CPU.Build.0 = Debug|Any CPU
		{E6E2B927-9ABD-470E-938B-2C7FD92DB9F0}.Release|Any CPU.ActiveCfg = Release|Any CPU
		{E6E2B927-9ABD-470E-938B-2C7FD92DB9F0}.Release|Any CPU.Build.0 = Release|Any CPU
		{13478471-2D48-45C2-B5DB-E1A9B29E29BC}.Debug|Any CPU.ActiveCfg = Debug|Any CPU
		{13478471-2D48-45C2-B5DB-E1A9B29E29BC}.Debug|Any CPU.Build.0 = Debug|Any CPU
		{13478471-2D48-45C2-B5DB-E1A9B29E29BC}.Release|Any CPU.ActiveCfg = Release|Any CPU
		{13478471-2D48-45C2-B5DB-E1A9B29E29BC}.Release|Any CPU.Build.0 = Release|Any CPU
	EndGlobalSection
	GlobalSection(SolutionProperties) = preSolution
		HideSolutionNode = FALSE
	EndGlobalSection
	GlobalSection(ExtensibilityGlobals) = postSolution
		SolutionGuid = {81168A9D-230A-446D-B74F-C8E885B051FE}
	EndGlobalSection
EndGlobal
